
Microsoft Visual Studio Solution File, Format Version 12.00
# Visual Studio Version 16
VisualStudioVersion = 16.0.29411.108
MinimumVisualStudioVersion = 10.0.40219.1
Project("{9A19103F-16F7-4668-BE54-9A1E7A4F7556}") = "CMS.Website", "CMS.Website\CMS.Website.csproj", "{7D466E4A-72C9-4174-BC4A-908934D02C1C}"
EndProject
Project("{9A19103F-16F7-4668-BE54-9A1E7A4F7556}") = "CMS.Common", "CMS.Common\CMS.Common.csproj", "{267A89B4-1B68-4C85-A497-F46FC0EB1FBF}"
EndProject
Project("{9A19103F-16F7-4668-BE54-9A1E7A4F7556}") = "CMS.Data", "CMS.Data\CMS.Data.csproj", "{224D071B-3300-4793-B7AA-6025B07306F2}"
EndProject
Project("{9A19103F-16F7-4668-BE54-9A1E7A4F7556}") = "CMS.Services", "CMS.Services\CMS.Services.csproj", "{0FDCF117-D5E2-46E1-BEAB-5BADD240CC39}"
EndProject
Project("{2150E333-8FDC-42A3-9474-1A3956D46DE8}") = "Solution Items", "Solution Items", "{C94638C7-713E-4E6B-A6AB-DDB18AF24A27}"
	ProjectSection(SolutionItems) = preProject
		.editorconfig = .editorconfig
	EndProjectSection
EndProject
Global
	GlobalSection(SolutionConfigurationPlatforms) = preSolution
		Debug|Any CPU = Debug|Any CPU
		Release|Any CPU = Release|Any CPU
	EndGlobalSection
	GlobalSection(ProjectConfigurationPlatforms) = postSolution
		{7D466E4A-72C9-4174-BC4A-908934D02C1C}.Debug|Any CPU.ActiveCfg = Debug|Any CPU
		{7D466E4A-72C9-4174-BC4A-908934D02C1C}.Debug|Any CPU.Build.0 = Debug|Any CPU
		{7D466E4A-72C9-4174-BC4A-908934D02C1C}.Release|Any CPU.ActiveCfg = Release|Any CPU
		{7D466E4A-72C9-4174-BC4A-908934D02C1C}.Release|Any CPU.Build.0 = Release|Any CPU
		{267A89B4-1B68-4C85-A497-F46FC0EB1FBF}.Debug|Any CPU.ActiveCfg = Debug|Any CPU
		{267A89B4-1B68-4C85-A497-F46FC0EB1FBF}.Debug|Any CPU.Build.0 = Debug|Any CPU
		{267A89B4-1B68-4C85-A497-F46FC0EB1FBF}.Release|Any CPU.ActiveCfg = Release|Any CPU
		{267A89B4-1B68-4C85-A497-F46FC0EB1FBF}.Release|Any CPU.Build.0 = Release|Any CPU
		{224D071B-3300-4793-B7AA-6025B07306F2}.Debug|Any CPU.ActiveCfg = Debug|Any CPU
		{224D071B-3300-4793-B7AA-6025B07306F2}.Debug|Any CPU.Build.0 = Debug|Any CPU
		{224D071B-3300-4793-B7AA-6025B07306F2}.Release|Any CPU.ActiveCfg = Release|Any CPU
		{224D071B-3300-4793-B7AA-6025B07306F2}.Release|Any CPU.Build.0 = Release|Any CPU
		{0FDCF117-D5E2-46E1-BEAB-5BADD240CC39}.Debug|Any CPU.ActiveCfg = Debug|Any CPU
		{0FDCF117-D5E2-46E1-BEAB-5BADD240CC39}.Debug|Any CPU.Build.0 = Debug|Any CPU
		{0FDCF117-D5E2-46E1-BEAB-5BADD240CC39}.Release|Any CPU.ActiveCfg = Release|Any CPU
		{0FDCF117-D5E2-46E1-BEAB-5BADD240CC39}.Release|Any CPU.Build.0 = Release|Any CPU
	EndGlobalSection
	GlobalSection(SolutionProperties) = preSolution
		HideSolutionNode = FALSE
	EndGlobalSection
	GlobalSection(ExtensibilityGlobals) = postSolution
		SolutionGuid = {6A49A190-D068-447F-B7A3-1209A266CD81}
	EndGlobalSection
EndGlobal
